
Microsoft Visual Studio Solution File, Format Version 12.00
# Visual Studio Version 17
VisualStudioVersion = 17.7.34031.279
MinimumVisualStudioVersion = 10.0.40219.1
Project("{FAE04EC0-301F-11D3-BF4B-00C04F79EFBC}") = "azure-app-sp", "azure-app-sp\azure-app-sp.csproj", "{3B44AC02-88F5-4E14-A10F-0A2E854CC13B}"
EndProject
Global
	GlobalSection(SolutionConfigurationPlatforms) = preSolution
		Debug|Any CPU = Debug|Any CPU
		Release|Any CPU = Release|Any CPU
	EndGlobalSection
	GlobalSection(ProjectConfigurationPlatforms) = postSolution
		{3B44AC02-88F5-4E14-A10F-0A2E854CC13B}.Debug|Any CPU.ActiveCfg = Debug|Any CPU
		{3B44AC02-88F5-4E14-A10F-0A2E854CC13B}.Debug|Any CPU.Build.0 = Debug|Any CPU
		{3B44AC02-88F5-4E14-A10F-0A2E854CC13B}.Release|Any CPU.ActiveCfg = Release|Any CPU
		{3B44AC02-88F5-4E14-A10F-0A2E854CC13B}.Release|Any CPU.Build.0 = Release|Any CPU
	EndGlobalSection
	GlobalSection(SolutionProperties) = preSolution
		HideSolutionNode = FALSE
	EndGlobalSection
	GlobalSection(ExtensibilityGlobals) = postSolution
		SolutionGuid = {7C103C35-6B43-4635-9714-21AD7F34B627}
	EndGlobalSection
EndGlobal
